{
  "name": "create-stonecutter-mod",
  "version": "1.0.0",
  "lockfileVersion": 3,
  "requires": true,
  "packages": {
    "": {
      "name": "create-stonecutter-mod",
      "version": "1.0.0",
      "license": "MIT",
      "dependencies": {
        "@clack/prompts": "^1.0.0-alpha.6",
        "jiti": "^2.6.1",
        "picocolors": "^1.1.1"
      },
      "devDependencies": {
        "@types/node": "^24.10.1"
      }
    },
    "node_modules/@clack/core": {
      "version": "1.0.0-alpha.6",
      "resolved": "https://registry.npmjs.org/@clack/core/-/core-1.0.0-alpha.6.tgz",
      "integrity": "sha512-eG5P45+oShFG17u9I1DJzLkXYB1hpUgTLi32EfsMjSHLEqJUR8BOBCVFkdbUX2g08eh/HCi6UxNGpPhaac1LAA==",
      "license": "MIT",
      "dependencies": {
        "picocolors": "^1.0.0",
        "sisteransi": "^1.0.5"
      }
    },
    "node_modules/@clack/prompts": {
      "version": "1.0.0-alpha.6",
      "resolved": "https://registry.npmjs.org/@clack/prompts/-/prompts-1.0.0-alpha.6.tgz",
      "integrity": "sha512-75NCtYOgDHVBE2nLdKPTDYOaESxO0GLAKC7INREp5VbS988Xua1u+588VaGlcvXiLc/kSwc25Cd+4PeTSpY6QQ==",
      "license": "MIT",
      "dependencies": {
        "@clack/core": "1.0.0-alpha.6",
        "picocolors": "^1.0.0",
        "sisteransi": "^1.0.5"
      }
    },
    "node_modules/@types/node": {
      "version": "24.10.1",
      "resolved": "https://registry.npmjs.org/@types/node/-/node-24.10.1.tgz",
      "integrity": "sha512-GNWcUTRBgIRJD5zj+Tq0fKOJ5XZajIiBroOF0yvj2bSU1WvNdYS/dn9UxwsujGW4JX06dnHyjV2y9rRaybH0iQ==",
      "dev": true,
      "license": "MIT",
      "dependencies": {
        "undici-types": "~7.16.0"
      }
    },
    "node_modules/jiti": {
      "version": "2.6.1",
      "resolved": "https://registry.npmjs.org/jiti/-/jiti-2.6.1.tgz",
      "integrity": "sha512-ekilCSN1jwRvIbgeg/57YFh8qQDNbwDb9xT/qu2DAHbFFZUicIl4ygVaAvzveMhMVr3LnpSKTNnwt8PoOfmKhQ==",
      "license": "MIT",
      "bin": {
        "jiti": "lib/jiti-cli.mjs"
      }
    },
    "node_modules/picocolors": {
      "version": "1.1.1",
      "resolved": "https://registry.npmjs.org/picocolors/-/picocolors-1.1.1.tgz",
      "integrity": "sha512-xceH2snhtb5M9liqDsmEw56le376mTZkEX/jEb/RxNFyegNul7eNslCXP9FDj/Lcu0X8KEyMceP2ntpaHrDEVA==",
      "license": "ISC"
    },
    "node_modules/sisteransi": {
      "version": "1.0.5",
      "resolved": "https://registry.npmjs.org/sisteransi/-/sisteransi-1.0.5.tgz",
      "integrity": "sha512-bLGGlR1QxBcynn2d5YmDX4MGjlZvy2MRBDRNHLJ8VI6l6+9FUiyTFNJ0IveOSP0bcXgVDPRcfGqA0pjaqUpfVg==",
      "license": "MIT"
    },
    "node_modules/undici-types": {
      "version": "7.16.0",
      "resolved": "https://registry.npmjs.org/undici-types/-/undici-types-7.16.0.tgz",
      "integrity": "sha512-Zz+aZWSj8LE6zoxD+xrjh4VfkIG8Ya6LvYkZqtUQGJPZjYl53ypCaUwWqo7eI0x66KBGeRo+mlBEkMSeSZ38Nw==",
      "dev": true,
      "license": "MIT"
    }
  }
}
